<?xml version="1.0" encoding="utf-8"?>
<Project ToolsVersion="4.0" xmlns="http://schemas.microsoft.com/developer/msbuild/2003">
  <ItemGroup>
    <Filter Include="Source Files">
      <UniqueIdentifier>{4FC737F1-C7A5-4376-A066-2A32D752A2FF}</UniqueIdentifier>
      <Extensions>cpp;c;cc;cxx;c++;cppm;ixx;def;odl;idl;hpj;bat;asm;asmx</Extensions>
    </Filter>
    <Filter Include="Header Files">
      <UniqueIdentifier>{93995380-89BD-4b04-88EB-625FBE52EBFB}</UniqueIdentifier>
      <Extensions>h;hh;hpp;hxx;h++;hm;inl;inc;ipp;xsd</Extensions>
    </Filter>
    <Filter Include="Resource Files">
      <UniqueIdentifier>{67DA6AB6-F800-4c08-8B7A-83BB121AAD01}</UniqueIdentifier>
      <Extensions>rc;ico;cur;bmp;dlg;rc2;rct;bin;rgs;gif;jpg;jpeg;jpe;resx;tiff;tif;png;wav;mfcribbon-ms</Extensions>
    </Filter>
    <Filter Include="assets">
      <UniqueIdentifier>{ab3582eb-26d9-4324-b367-52c0c9e2fb32}</UniqueIdentifier>
    </Filter>
    <Filter Include="Source Files\header">
      <UniqueIdentifier>{294d6873-10a7-42c1-8536-4b970ef6ac4f}</UniqueIdentifier>
    </Filter>
  </ItemGroup>
  <ItemGroup>
    <ClCompile Include="main.cpp">
      <Filter>Source Files</Filter>
    </ClCompile>
    <ClCompile Include="Menu.cpp">
      <Filter>Source Files</Filter>
    </ClCompile>
    <ClCompile Include="SeatChange.cpp">
      <Filter>Source Files</Filter>
    </ClCompile>
    <ClCompile Include="Ins.cpp">
      <Filter>Source Files</Filter>
    </ClCompile>
    <ClCompile Include="SeatChange_Next_1.cpp">
      <Filter>Source Files</Filter>
    </ClCompile>
    <ClCompile Include="SeatChange_Next_2.cpp">
      <Filter>Source Files</Filter>
    </ClCompile>
    <ClCompile Include="End.cpp">
      <Filter>Source Files</Filter>
    </ClCompile>
    <ClCompile Include="Anime.cpp">
      <Filter>Source Files</Filter>
    </ClCompile>
    <ClCompile Include="ShuffleName.cpp">
      <Filter>Source Files</Filter>
    </ClCompile>
  </ItemGroup>
  <ItemGroup>
    <ClInclude Include="Ins.h">
      <Filter>Source Files\header</Filter>
    </ClInclude>
    <ClInclude Include="Menu.h">
      <Filter>Source Files\header</Filter>
    </ClInclude>
    <ClInclude Include="SeatChange.h">
      <Filter>Source Files\header</Filter>
    </ClInclude>
    <ClInclude Include="SeatChange_Next_1.h">
      <Filter>Source Files\header</Filter>
    </ClInclude>
    <ClInclude Include="SeatChange_Next_2.h">
      <Filter>Source Files\header</Filter>
    </ClInclude>
    <ClInclude Include="End.h">
      <Filter>Source Files\header</Filter>
    </ClInclude>
    <ClInclude Include="Anime.h">
      <Filter>Source Files\header</Filter>
    </ClInclude>
    <ClInclude Include="ShuffleName.h">
      <Filter>Source Files\header</Filter>
    </ClInclude>
  </ItemGroup>
</Project>